
Microsoft Visual Studio Solution File, Format Version 10.00
# Visual Studio 2008
Project("{FAE04EC0-301F-11D3-BF4B-00C04F79EFBC}") = "Probleem 131", "Probleem 131\Probleem 131.csproj", "{0EA174FA-9899-44DD-B12E-D40DA6E0C39F}"
EndProject
Global
	GlobalSection(SolutionConfigurationPlatforms) = preSolution
		Debug|Any CPU = Debug|Any CPU
		Release|Any CPU = Release|Any CPU
	EndGlobalSection
	GlobalSection(ProjectConfigurationPlatforms) = postSolution
		{0EA174FA-9899-44DD-B12E-D40DA6E0C39F}.Debug|Any CPU.ActiveCfg = Debug|Any CPU
		{0EA174FA-9899-44DD-B12E-D40DA6E0C39F}.Debug|Any CPU.Build.0 = Debug|Any CPU
		{0EA174FA-9899-44DD-B12E-D40DA6E0C39F}.Release|Any CPU.ActiveCfg = Release|Any CPU
		{0EA174FA-9899-44DD-B12E-D40DA6E0C39F}.Release|Any CPU.Build.0 = Release|Any CPU
	EndGlobalSection
	GlobalSection(SolutionProperties) = preSolution
		HideSolutionNode = FALSE
	EndGlobalSection
EndGlobal
